
Microsoft Visual Studio Solution File, Format Version 12.00
# Visual Studio Version 16
VisualStudioVersion = 16.0.32228.343
MinimumVisualStudioVersion = 10.0.40219.1
Project("{159641D6-6404-4A2A-AE62-294DE0FE8301}") = "SSISProductionDW", "SSISProductionDW.dtproj", "{CF889C6E-3925-41E4-87F7-790B8FFFAC83}"
EndProject
Global
	GlobalSection(SolutionConfigurationPlatforms) = preSolution
		Development|Default = Development|Default
	EndGlobalSection
	GlobalSection(ProjectConfigurationPlatforms) = postSolution
		{CF889C6E-3925-41E4-87F7-790B8FFFAC83}.Development|Default.ActiveCfg = Development
		{CF889C6E-3925-41E4-87F7-790B8FFFAC83}.Development|Default.Build.0 = Development
	EndGlobalSection
	GlobalSection(SolutionProperties) = preSolution
		HideSolutionNode = FALSE
	EndGlobalSection
	GlobalSection(ExtensibilityGlobals) = postSolution
		SolutionGuid = {7AD9AE68-A739-42B1-92F4-70A2EDB78485}
	EndGlobalSection
EndGlobal
