
Microsoft Visual Studio Solution File, Format Version 12.00
# Visual Studio Version 16
VisualStudioVersion = 16.0.32228.343
MinimumVisualStudioVersion = 10.0.40219.1
Project("{D2ABAB84-BF74-430A-B69E-9DC6D40DDA17}") = "DimTimeDimension", "DimTimeDimension.dwproj", "{BF16AB78-4513-49AE-A222-1701377E2D92}"
EndProject
Global
	GlobalSection(SolutionConfigurationPlatforms) = preSolution
		Development|Default = Development|Default
	EndGlobalSection
	GlobalSection(ProjectConfigurationPlatforms) = postSolution
		{BF16AB78-4513-49AE-A222-1701377E2D92}.Development|Default.ActiveCfg = Development
		{BF16AB78-4513-49AE-A222-1701377E2D92}.Development|Default.Build.0 = Development
		{BF16AB78-4513-49AE-A222-1701377E2D92}.Development|Default.Deploy.0 = Development
	EndGlobalSection
	GlobalSection(SolutionProperties) = preSolution
		HideSolutionNode = FALSE
	EndGlobalSection
	GlobalSection(ExtensibilityGlobals) = postSolution
		SolutionGuid = {1D045776-EA39-4663-AAE2-7535A96C40AB}
	EndGlobalSection
EndGlobal
